{
  "name": "@hexlet/code",
  "version": "1.0.0",
  "lockfileVersion": 3,
  "requires": true,
  "packages": {
    "": {
      "name": "@hexlet/code",
      "version": "1.0.0",
      "license": "ISC",
      "dependencies": {
        "@hexlet/pairs": "^1.1.1",
        "readline-sync": "^1.4.10"
      },
      "bin": {
        "brain-even": "bin/brain-even.js",
        "brain-games": "bin/brain-games.js"
      }
    },
    "node_modules/@hexlet/pairs": {
      "version": "1.1.1",
      "resolved": "https://registry.npmjs.org/@hexlet/pairs/-/pairs-1.1.1.tgz",
      "integrity": "sha512-M6v3kybIGN7FpkeUbLBaxIOy9ntXZQHY42Cg2UL4zxKucj7K1LzgZ7WPsQPNeLACpAypyNls5QkbQeXunCCeag=="
    },
    "node_modules/readline-sync": {
      "version": "1.4.10",
      "resolved": "https://registry.npmjs.org/readline-sync/-/readline-sync-1.4.10.tgz",
      "integrity": "sha512-gNva8/6UAe8QYepIQH/jQ2qn91Qj0B9sYjMBBs3QOB8F2CXcKgLxQaJRP76sWVRQt+QU+8fAkCbCvjjMFu7Ycw==",
      "engines": {
        "node": ">= 0.8.0"
      }
    }
  }
}
